
Microsoft Visual Studio Solution File, Format Version 12.00
# Visual Studio Version 16
VisualStudioVersion = 16.0.30503.244
MinimumVisualStudioVersion = 10.0.40219.1
Project("{FAE04EC0-301F-11D3-BF4B-00C04F79EFBC}") = "EndPointsEF", "EndPointsEF\EndPointsEF.csproj", "{68042D47-EF52-41F3-8728-C0CCAAEB4EC9}"
EndProject
Global
	GlobalSection(SolutionConfigurationPlatforms) = preSolution
		Debug|Any CPU = Debug|Any CPU
		Release|Any CPU = Release|Any CPU
	EndGlobalSection
	GlobalSection(ProjectConfigurationPlatforms) = postSolution
		{68042D47-EF52-41F3-8728-C0CCAAEB4EC9}.Debug|Any CPU.ActiveCfg = Debug|Any CPU
		{68042D47-EF52-41F3-8728-C0CCAAEB4EC9}.Debug|Any CPU.Build.0 = Debug|Any CPU
		{68042D47-EF52-41F3-8728-C0CCAAEB4EC9}.Release|Any CPU.ActiveCfg = Release|Any CPU
		{68042D47-EF52-41F3-8728-C0CCAAEB4EC9}.Release|Any CPU.Build.0 = Release|Any CPU
	EndGlobalSection
	GlobalSection(SolutionProperties) = preSolution
		HideSolutionNode = FALSE
	EndGlobalSection
	GlobalSection(ExtensibilityGlobals) = postSolution
		SolutionGuid = {B4B37BC8-C14E-439D-A724-AB062145C16B}
	EndGlobalSection
EndGlobal
